
Microsoft Visual Studio Solution File, Format Version 12.00
# Visual Studio Version 17
VisualStudioVersion = 17.5.002.0
MinimumVisualStudioVersion = 10.0.40219.1
Project("{9A19103F-16F7-4668-BE54-9A1E7A4F7556}") = "proyectoef", "proyectoef.csproj", "{B1CAE8AA-CFA0-46C0-876E-0D60F3E56E34}"
EndProject
Global
	GlobalSection(SolutionConfigurationPlatforms) = preSolution
		Debug|Any CPU = Debug|Any CPU
		Release|Any CPU = Release|Any CPU
	EndGlobalSection
	GlobalSection(ProjectConfigurationPlatforms) = postSolution
		{B1CAE8AA-CFA0-46C0-876E-0D60F3E56E34}.Debug|Any CPU.ActiveCfg = Debug|Any CPU
		{B1CAE8AA-CFA0-46C0-876E-0D60F3E56E34}.Debug|Any CPU.Build.0 = Debug|Any CPU
		{B1CAE8AA-CFA0-46C0-876E-0D60F3E56E34}.Release|Any CPU.ActiveCfg = Release|Any CPU
		{B1CAE8AA-CFA0-46C0-876E-0D60F3E56E34}.Release|Any CPU.Build.0 = Release|Any CPU
	EndGlobalSection
	GlobalSection(SolutionProperties) = preSolution
		HideSolutionNode = FALSE
	EndGlobalSection
	GlobalSection(ExtensibilityGlobals) = postSolution
		SolutionGuid = {7E96911C-9945-4EA5-8569-4A66230671D5}
	EndGlobalSection
EndGlobal
